hash: faaefe74ab3b77221ae4021916de57140dcffe2e1de7a0fd8cc9f414f08bf45e
updated: 2016-11-07T14:09:47.91438735-05:00
imports:
- name: github.com/pkg/profile
  version: 030571e6da0f040a04e94a9af0dd8b6dd0cce0eb
testImports:
- name: github.com/davecgh/go-spew
  version: 6d212800a42e8ab5c146b8ace3490ee17e5225f9
  subpackages:
  - spew
- name: github.com/pmezard/go-difflib
  version: d8ed2627bdf02c080bf22230dbb337003b7aba2d
  subpackages:
  - difflib
- name: github.com/stretchr/testify
  version: 69483b4bd14f5845b5a1e55bca19e954e827f1d0
  subpackages:
  - assert
